
Microsoft Visual Studio Solution File, Format Version 12.00
# Visual Studio 15
VisualStudioVersion = 15.0.28307.705
MinimumVisualStudioVersion = 10.0.40219.1
Project("{9A19103F-16F7-4668-BE54-9A1E7A4F7556}") = "Strings.CSharp", "Strings.CSharp\Strings.CSharp.csproj", "{DC2BE091-36E3-4EE6-A54B-7EF3F6794D50}"
EndProject
Project("{2150E333-8FDC-42A3-9474-1A3956D46DE8}") = "Solution Items", "Solution Items", "{D764F383-C5EE-4836-9B03-7137178DCB25}"
	ProjectSection(SolutionItems) = preProject
		.editorconfig = .editorconfig
	EndProjectSection
EndProject
Project("{FAE04EC0-301F-11D3-BF4B-00C04F79EFBC}") = "Strings.Razor", "Strings.Razor\Strings.Razor.csproj", "{E4361F1B-E94B-4240-8682-D117F1437E6D}"
EndProject
Project("{9092AA53-FB77-4645-B42D-1CCCA6BD08BD}") = "Strings.Typescript", "Strings.Typescript\Strings.Typescript.njsproj", "{A12107A8-0C7D-4D4E-A6C4-925B957E20E5}"
EndProject
Project("{2150E333-8FDC-42A3-9474-1A3956D46DE8}") = "Tests", "Tests", "{6A02B70B-B5FB-4B90-A880-6A6A05723CFD}"
EndProject
Project("{FAE04EC0-301F-11D3-BF4B-00C04F79EFBC}") = "Strings.CSharp.Test", "Strings.CSharp.Test\Strings.CSharp.Test.csproj", "{4E0701B9-A392-4D40-94B0-177B6BC436CE}"
EndProject
Project("{FAE04EC0-301F-11D3-BF4B-00C04F79EFBC}") = "Strings.Razor.Test", "Strings.Razor.Test\Strings.Razor.Test.csproj", "{2F06F433-4666-42FB-BB57-8F08C21B1FC0}"
EndProject
Project("{2150E333-8FDC-42A3-9474-1A3956D46DE8}") = "Components", "Components", "{CE964A48-94EB-40B6-A78D-509D5CDC0AFB}"
EndProject
Project("{FAE04EC0-301F-11D3-BF4B-00C04F79EFBC}") = "Strings", "Strings\Strings.csproj", "{7B8C2535-0945-49B7-B49D-FC530DD327CF}"
	ProjectSection(ProjectDependencies) = postProject
		{E4361F1B-E94B-4240-8682-D117F1437E6D} = {E4361F1B-E94B-4240-8682-D117F1437E6D}
		{DC2BE091-36E3-4EE6-A54B-7EF3F6794D50} = {DC2BE091-36E3-4EE6-A54B-7EF3F6794D50}
		{A12107A8-0C7D-4D4E-A6C4-925B957E20E5} = {A12107A8-0C7D-4D4E-A6C4-925B957E20E5}
	EndProjectSection
EndProject
Project("{FAE04EC0-301F-11D3-BF4B-00C04F79EFBC}") = "Strings.Common", "Strings.Common\Strings.Common.csproj", "{FF95F3A0-95FB-4730-B228-23A43FCA07D2}"
EndProject
Project("{FAE04EC0-301F-11D3-BF4B-00C04F79EFBC}") = "Strings.Common.Test", "Strings.Common.Test\Strings.Common.Test.csproj", "{7CBFD57F-2524-4F18-8E40-76D65B5CD223}"
EndProject
Project("{FAE04EC0-301F-11D3-BF4B-00C04F79EFBC}") = "Strings.Typescript.Test", "Strings.Typescript.Test\Strings.Typescript.Test.csproj", "{F0BD532F-C9D6-446E-BCDF-9B4640575C1F}"
	ProjectSection(ProjectDependencies) = postProject
		{7B8C2535-0945-49B7-B49D-FC530DD327CF} = {7B8C2535-0945-49B7-B49D-FC530DD327CF}
		{A12107A8-0C7D-4D4E-A6C4-925B957E20E5} = {A12107A8-0C7D-4D4E-A6C4-925B957E20E5}
	EndProjectSection
EndProject
Project("{FAE04EC0-301F-11D3-BF4B-00C04F79EFBC}") = "Strings.Tsql", "Strings.Tsql\Strings.Tsql.csproj", "{C706C460-EB7D-4C9C-A845-6526DF05A4E8}"
EndProject
Global
	GlobalSection(SolutionConfigurationPlatforms) = preSolution
		Debug|Any CPU = Debug|Any CPU
		Release|Any CPU = Release|Any CPU
	EndGlobalSection
	GlobalSection(ProjectConfigurationPlatforms) = postSolution
		{DC2BE091-36E3-4EE6-A54B-7EF3F6794D50}.Debug|Any CPU.ActiveCfg = Debug|Any CPU
		{DC2BE091-36E3-4EE6-A54B-7EF3F6794D50}.Debug|Any CPU.Build.0 = Debug|Any CPU
		{DC2BE091-36E3-4EE6-A54B-7EF3F6794D50}.Release|Any CPU.ActiveCfg = Release|Any CPU
		{DC2BE091-36E3-4EE6-A54B-7EF3F6794D50}.Release|Any CPU.Build.0 = Release|Any CPU
		{E4361F1B-E94B-4240-8682-D117F1437E6D}.Debug|Any CPU.ActiveCfg = Debug|Any CPU
		{E4361F1B-E94B-4240-8682-D117F1437E6D}.Debug|Any CPU.Build.0 = Debug|Any CPU
		{E4361F1B-E94B-4240-8682-D117F1437E6D}.Release|Any CPU.ActiveCfg = Release|Any CPU
		{E4361F1B-E94B-4240-8682-D117F1437E6D}.Release|Any CPU.Build.0 = Release|Any CPU
		{A12107A8-0C7D-4D4E-A6C4-925B957E20E5}.Debug|Any CPU.ActiveCfg = Debug|Any CPU
		{A12107A8-0C7D-4D4E-A6C4-925B957E20E5}.Debug|Any CPU.Build.0 = Debug|Any CPU
		{A12107A8-0C7D-4D4E-A6C4-925B957E20E5}.Release|Any CPU.ActiveCfg = Release|Any CPU
		{A12107A8-0C7D-4D4E-A6C4-925B957E20E5}.Release|Any CPU.Build.0 = Release|Any CPU
		{4E0701B9-A392-4D40-94B0-177B6BC436CE}.Debug|Any CPU.ActiveCfg = Debug|Any CPU
		{4E0701B9-A392-4D40-94B0-177B6BC436CE}.Debug|Any CPU.Build.0 = Debug|Any CPU
		{4E0701B9-A392-4D40-94B0-177B6BC436CE}.Release|Any CPU.ActiveCfg = Release|Any CPU
		{4E0701B9-A392-4D40-94B0-177B6BC436CE}.Release|Any CPU.Build.0 = Release|Any CPU
		{2F06F433-4666-42FB-BB57-8F08C21B1FC0}.Debug|Any CPU.ActiveCfg = Debug|Any CPU
		{2F06F433-4666-42FB-BB57-8F08C21B1FC0}.Debug|Any CPU.Build.0 = Debug|Any CPU
		{2F06F433-4666-42FB-BB57-8F08C21B1FC0}.Release|Any CPU.ActiveCfg = Release|Any CPU
		{2F06F433-4666-42FB-BB57-8F08C21B1FC0}.Release|Any CPU.Build.0 = Release|Any CPU
		{7B8C2535-0945-49B7-B49D-FC530DD327CF}.Debug|Any CPU.ActiveCfg = Debug|Any CPU
		{7B8C2535-0945-49B7-B49D-FC530DD327CF}.Debug|Any CPU.Build.0 = Debug|Any CPU
		{7B8C2535-0945-49B7-B49D-FC530DD327CF}.Release|Any CPU.ActiveCfg = Release|Any CPU
		{7B8C2535-0945-49B7-B49D-FC530DD327CF}.Release|Any CPU.Build.0 = Release|Any CPU
		{FF95F3A0-95FB-4730-B228-23A43FCA07D2}.Debug|Any CPU.ActiveCfg = Debug|Any CPU
		{FF95F3A0-95FB-4730-B228-23A43FCA07D2}.Debug|Any CPU.Build.0 = Debug|Any CPU
		{FF95F3A0-95FB-4730-B228-23A43FCA07D2}.Release|Any CPU.ActiveCfg = Release|Any CPU
		{FF95F3A0-95FB-4730-B228-23A43FCA07D2}.Release|Any CPU.Build.0 = Release|Any CPU
		{7CBFD57F-2524-4F18-8E40-76D65B5CD223}.Debug|Any CPU.ActiveCfg = Debug|Any CPU
		{7CBFD57F-2524-4F18-8E40-76D65B5CD223}.Debug|Any CPU.Build.0 = Debug|Any CPU
		{7CBFD57F-2524-4F18-8E40-76D65B5CD223}.Release|Any CPU.ActiveCfg = Release|Any CPU
		{7CBFD57F-2524-4F18-8E40-76D65B5CD223}.Release|Any CPU.Build.0 = Release|Any CPU
		{F0BD532F-C9D6-446E-BCDF-9B4640575C1F}.Debug|Any CPU.ActiveCfg = Debug|Any CPU
		{F0BD532F-C9D6-446E-BCDF-9B4640575C1F}.Debug|Any CPU.Build.0 = Debug|Any CPU
		{F0BD532F-C9D6-446E-BCDF-9B4640575C1F}.Release|Any CPU.ActiveCfg = Release|Any CPU
		{F0BD532F-C9D6-446E-BCDF-9B4640575C1F}.Release|Any CPU.Build.0 = Release|Any CPU
		{C706C460-EB7D-4C9C-A845-6526DF05A4E8}.Debug|Any CPU.ActiveCfg = Debug|Any CPU
		{C706C460-EB7D-4C9C-A845-6526DF05A4E8}.Debug|Any CPU.Build.0 = Debug|Any CPU
		{C706C460-EB7D-4C9C-A845-6526DF05A4E8}.Release|Any CPU.ActiveCfg = Release|Any CPU
		{C706C460-EB7D-4C9C-A845-6526DF05A4E8}.Release|Any CPU.Build.0 = Release|Any CPU
	EndGlobalSection
	GlobalSection(SolutionProperties) = preSolution
		HideSolutionNode = FALSE
	EndGlobalSection
	GlobalSection(NestedProjects) = preSolution
		{DC2BE091-36E3-4EE6-A54B-7EF3F6794D50} = {CE964A48-94EB-40B6-A78D-509D5CDC0AFB}
		{E4361F1B-E94B-4240-8682-D117F1437E6D} = {CE964A48-94EB-40B6-A78D-509D5CDC0AFB}
		{A12107A8-0C7D-4D4E-A6C4-925B957E20E5} = {CE964A48-94EB-40B6-A78D-509D5CDC0AFB}
		{4E0701B9-A392-4D40-94B0-177B6BC436CE} = {6A02B70B-B5FB-4B90-A880-6A6A05723CFD}
		{2F06F433-4666-42FB-BB57-8F08C21B1FC0} = {6A02B70B-B5FB-4B90-A880-6A6A05723CFD}
		{7CBFD57F-2524-4F18-8E40-76D65B5CD223} = {6A02B70B-B5FB-4B90-A880-6A6A05723CFD}
		{F0BD532F-C9D6-446E-BCDF-9B4640575C1F} = {6A02B70B-B5FB-4B90-A880-6A6A05723CFD}
		{C706C460-EB7D-4C9C-A845-6526DF05A4E8} = {CE964A48-94EB-40B6-A78D-509D5CDC0AFB}
	EndGlobalSection
	GlobalSection(ExtensibilityGlobals) = postSolution
		SolutionGuid = {697D79A3-DE60-494F-8FEA-F71F01364373}
	EndGlobalSection
EndGlobal
